
Microsoft Visual Studio Solution File, Format Version 12.00
# Visual Studio 15
VisualStudioVersion = 15.0.27130.2020
MinimumVisualStudioVersion = 10.0.40219.1
Project("{FAE04EC0-301F-11D3-BF4B-00C04F79EFBC}") = "WindowsFormsApp12", "WindowsFormsApp12\WindowsFormsApp12.csproj", "{8F60A011-E2B4-4A2E-9F34-EFFC0A92F751}"
EndProject
Global
	GlobalSection(SolutionConfigurationPlatforms) = preSolution
		Debug|Any CPU = Debug|Any CPU
		Release|Any CPU = Release|Any CPU
	EndGlobalSection
	GlobalSection(ProjectConfigurationPlatforms) = postSolution
		{8F60A011-E2B4-4A2E-9F34-EFFC0A92F751}.Debug|Any CPU.ActiveCfg = Debug|Any CPU
		{8F60A011-E2B4-4A2E-9F34-EFFC0A92F751}.Debug|Any CPU.Build.0 = Debug|Any CPU
		{8F60A011-E2B4-4A2E-9F34-EFFC0A92F751}.Release|Any CPU.ActiveCfg = Release|Any CPU
		{8F60A011-E2B4-4A2E-9F34-EFFC0A92F751}.Release|Any CPU.Build.0 = Release|Any CPU
	EndGlobalSection
	GlobalSection(SolutionProperties) = preSolution
		HideSolutionNode = FALSE
	EndGlobalSection
	GlobalSection(ExtensibilityGlobals) = postSolution
		SolutionGuid = {5A821675-E875-4274-8AFE-D32AA6CBD5D6}
	EndGlobalSection
EndGlobal
